
Microsoft Visual Studio Solution File, Format Version 12.00
# Visual Studio Version 17
VisualStudioVersion = 17.5.002.0
MinimumVisualStudioVersion = 10.0.40219.1
Project("{9A19103F-16F7-4668-BE54-9A1E7A4F7556}") = "chuyendoitien", "chuyendoitien.csproj", "{8B77F14A-1C0F-4FBB-958F-74805DE73FFF}"
EndProject
Global
	GlobalSection(SolutionConfigurationPlatforms) = preSolution
		Debug|Any CPU = Debug|Any CPU
		Release|Any CPU = Release|Any CPU
	EndGlobalSection
	GlobalSection(ProjectConfigurationPlatforms) = postSolution
		{8B77F14A-1C0F-4FBB-958F-74805DE73FFF}.Debug|Any CPU.ActiveCfg = Debug|Any CPU
		{8B77F14A-1C0F-4FBB-958F-74805DE73FFF}.Debug|Any CPU.Build.0 = Debug|Any CPU
		{8B77F14A-1C0F-4FBB-958F-74805DE73FFF}.Release|Any CPU.ActiveCfg = Release|Any CPU
		{8B77F14A-1C0F-4FBB-958F-74805DE73FFF}.Release|Any CPU.Build.0 = Release|Any CPU
	EndGlobalSection
	GlobalSection(SolutionProperties) = preSolution
		HideSolutionNode = FALSE
	EndGlobalSection
	GlobalSection(ExtensibilityGlobals) = postSolution
		SolutionGuid = {0405FF7D-2C54-455D-9237-6189C8A36536}
	EndGlobalSection
EndGlobal
