
Microsoft Visual Studio Solution File, Format Version 12.00
# Visual Studio Version 17
VisualStudioVersion = 17.5.002.0
MinimumVisualStudioVersion = 10.0.40219.1
Project("{9A19103F-16F7-4668-BE54-9A1E7A4F7556}") = "sudungtoantu2", "sudungtoantu2.csproj", "{58AE601C-679B-4FFD-98D5-27E39B44B438}"
EndProject
Global
	GlobalSection(SolutionConfigurationPlatforms) = preSolution
		Debug|Any CPU = Debug|Any CPU
		Release|Any CPU = Release|Any CPU
	EndGlobalSection
	GlobalSection(ProjectConfigurationPlatforms) = postSolution
		{58AE601C-679B-4FFD-98D5-27E39B44B438}.Debug|Any CPU.ActiveCfg = Debug|Any CPU
		{58AE601C-679B-4FFD-98D5-27E39B44B438}.Debug|Any CPU.Build.0 = Debug|Any CPU
		{58AE601C-679B-4FFD-98D5-27E39B44B438}.Release|Any CPU.ActiveCfg = Release|Any CPU
		{58AE601C-679B-4FFD-98D5-27E39B44B438}.Release|Any CPU.Build.0 = Release|Any CPU
	EndGlobalSection
	GlobalSection(SolutionProperties) = preSolution
		HideSolutionNode = FALSE
	EndGlobalSection
	GlobalSection(ExtensibilityGlobals) = postSolution
		SolutionGuid = {16A1B73B-EB50-4876-AB50-A0BA99D64D25}
	EndGlobalSection
EndGlobal
